
Microsoft Visual Studio Solution File, Format Version 12.00
# Visual Studio Version 17
VisualStudioVersion = 17.6.33801.468
MinimumVisualStudioVersion = 10.0.40219.1
Project("{FAE04EC0-301F-11D3-BF4B-00C04F79EFBC}") = "Csharp", "Csharp\Csharp.csproj", "{3C6EAC79-4BBF-404D-8333-3E8FE4CE72EF}"
EndProject
Global
	GlobalSection(SolutionConfigurationPlatforms) = preSolution
		Debug|Any CPU = Debug|Any CPU
		Release|Any CPU = Release|Any CPU
	EndGlobalSection
	GlobalSection(ProjectConfigurationPlatforms) = postSolution
		{3C6EAC79-4BBF-404D-8333-3E8FE4CE72EF}.Debug|Any CPU.ActiveCfg = Debug|Any CPU
		{3C6EAC79-4BBF-404D-8333-3E8FE4CE72EF}.Debug|Any CPU.Build.0 = Debug|Any CPU
		{3C6EAC79-4BBF-404D-8333-3E8FE4CE72EF}.Release|Any CPU.ActiveCfg = Release|Any CPU
		{3C6EAC79-4BBF-404D-8333-3E8FE4CE72EF}.Release|Any CPU.Build.0 = Release|Any CPU
	EndGlobalSection
	GlobalSection(SolutionProperties) = preSolution
		HideSolutionNode = FALSE
	EndGlobalSection
	GlobalSection(ExtensibilityGlobals) = postSolution
		SolutionGuid = {0E3CC6FA-8787-4DE6-91DF-3455EC1A20EC}
	EndGlobalSection
EndGlobal
